// !$*UTF8*$!
{
	archiveVersion = 1;
	classes = {
	};
	objectVersion = 56;
	objects = {

/* Begin PBXBuildFile section */
		88427B122AE93F0D003FD251 /* CustomTabBarWithTabViewApp.swift in Sources */ = {isa = PBXBuildFile; fileRef = 88427B112AE93F0D003FD251 /* CustomTabBarWithTabViewApp.swift */; };
		88427B142AE93F0D003FD251 /* ContentView.swift in Sources */ = {isa = PBXBuildFile; fileRef = 88427B132AE93F0D003FD251 /* ContentView.swift */; };
		88427B162AE93F12003FD251 /* Assets.xcassets in Resources */ = {isa = PBXBuildFile; fileRef = 88427B152AE93F12003FD251 /* Assets.xcassets */; };
		88427B192AE93F12003FD251 /* Preview Assets.xcassets in Resources */ = {isa = PBXBuildFile; fileRef = 88427B182AE93F12003FD251 /* Preview Assets.xcassets */; };
		88427B202AE94309003FD251 /* ScreenOne.swift in Sources */ = {isa = PBXBuildFile; fileRef = 88427B1F2AE94309003FD251 /* ScreenOne.swift */; };
		88427B222AE9445F003FD251 /* ScreenTwo.swift in Sources */ = {isa = PBXBuildFile; fileRef = 88427B212AE9445F003FD251 /* ScreenTwo.swift */; };
		88427B252AE94BB7003FD251 /* Screen.swift in Sources */ = {isa = PBXBuildFile; fileRef = 88427B242AE94BB7003FD251 /* Screen.swift */; };
		88427B282AE975EE003FD251 /* TabRouter.swift in Sources */ = {isa = PBXBuildFile; fileRef = 88427B272AE975EE003FD251 /* TabRouter.swift */; };
/* End PBXBuildFile section */

/* Begin PBXFileReference section */
		88427B0E2AE93F0D003FD251 /* CustomTabBarWithTabView.app */ = {isa = PBXFileReference; explicitFileType = wrapper.application; includeInIndex = 0; path = CustomTabBarWithTabView.app; sourceTree = BUILT_PRODUCTS_DIR; };
		88427B112AE93F0D003FD251 /* CustomTabBarWithTabViewApp.swift */ = {isa = PBXFileReference; lastKnownFileType = sourcecode.swift; path = CustomTabBarWithTabViewApp.swift; sourceTree = "<group>"; };
		88427B132AE93F0D003FD251 /* ContentView.swift */ = {isa = PBXFileReference; lastKnownFileType = sourcecode.swift; path = ContentView.swift; sourceTree = "<group>"; };
		88427B152AE93F12003FD251 /* Assets.xcassets */ = {isa = PBXFileReference; lastKnownFileType = folder.assetcatalog; path = Assets.xcassets; sourceTree = "<group>"; };
		88427B182AE93F12003FD251 /* Preview Assets.xcassets */ = {isa = PBXFileReference; lastKnownFileType = folder.assetcatalog; path = "Preview Assets.xcassets"; sourceTree = "<group>"; };
		88427B1F2AE94309003FD251 /* ScreenOne.swift */ = {isa = PBXFileReference; lastKnownFileType = sourcecode.swift; path = ScreenOne.swift; sourceTree = "<group>"; };
		88427B212AE9445F003FD251 /* ScreenTwo.swift */ = {isa = PBXFileReference; lastKnownFileType = sourcecode.swift; path = ScreenTwo.swift; sourceTree = "<group>"; };
		88427B242AE94BB7003FD251 /* Screen.swift */ = {isa = PBXFileReference; lastKnownFileType = sourcecode.swift; path = Screen.swift; sourceTree = "<group>"; };
		88427B272AE975EE003FD251 /* TabRouter.swift */ = {isa = PBXFileReference; lastKnownFileType = sourcecode.swift; path = TabRouter.swift; sourceTree = "<group>"; };
/* End PBXFileReference section */

/* Begin PBXFrameworksBuildPhase section */
		88427B0B2AE93F0D003FD251 /* Frameworks */ = {
			isa = PBXFrameworksBuildPhase;
			buildActionMask = 2147483647;
			files = (
			);
			runOnlyForDeploymentPostprocessing = 0;
		};
/* End PBXFrameworksBuildPhase section */

/* Begin PBXGroup section */
		88427B052AE93F0D003FD251 = {
			isa = PBXGroup;
			children = (
				88427B102AE93F0D003FD251 /* CustomTabBarWithTabView */,
				88427B0F2AE93F0D003FD251 /* Products */,
			);
			sourceTree = "<group>";
		};
		88427B0F2AE93F0D003FD251 /* Products */ = {
			isa = PBXGroup;
			children = (
				88427B0E2AE93F0D003FD251 /* CustomTabBarWithTabView.app */,
			);
			name = Products;
			sourceTree = "<group>";
		};
		88427B102AE93F0D003FD251 /* CustomTabBarWithTabView */ = {
			isa = PBXGroup;
			children = (
				88427B262AE975E1003FD251 /* ViewModel */,
				88427B232AE94BAC003FD251 /* Model */,
				88427B112AE93F0D003FD251 /* CustomTabBarWithTabViewApp.swift */,
				88427B132AE93F0D003FD251 /* ContentView.swift */,
				88427B1F2AE94309003FD251 /* ScreenOne.swift */,
				88427B212AE9445F003FD251 /* ScreenTwo.swift */,
				88427B152AE93F12003FD251 /* Assets.xcassets */,
				88427B172AE93F12003FD251 /* Preview Content */,
			);
			path = CustomTabBarWithTabView;
			sourceTree = "<group>";
		};
		88427B172AE93F12003FD251 /* Preview Content */ = {
			isa = PBXGroup;
			children = (
				88427B182AE93F12003FD251 /* Preview Assets.xcassets */,
			);
			path = "Preview Content";
			sourceTree = "<group>";
		};
		88427B232AE94BAC003FD251 /* Model */ = {
			isa = PBXGroup;
			children = (
				88427B242AE94BB7003FD251 /* Screen.swift */,
			);
			path = Model;
			sourceTree = "<group>";
		};
		88427B262AE975E1003FD251 /* ViewModel */ = {
			isa = PBXGroup;
			children = (
				88427B272AE975EE003FD251 /* TabRouter.swift */,
			);
			path = ViewModel;
			sourceTree = "<group>";
		};
/* End PBXGroup section */

/* Begin PBXNativeTarget section */
		88427B0D2AE93F0D003FD251 /* CustomTabBarWithTabView */ = {
			isa = PBXNativeTarget;
			buildConfigurationList = 88427B1C2AE93F12003FD251 /* Build configuration list for PBXNativeTarget "CustomTabBarWithTabView" */;
			buildPhases = (
				88427B0A2AE93F0D003FD251 /* Sources */,
				88427B0B2AE93F0D003FD251 /* Frameworks */,
				88427B0C2AE93F0D003FD251 /* Resources */,
			);
			buildRules = (
			);
			dependencies = (
			);
			name = CustomTabBarWithTabView;
			productName = CustomTabBarWithTabView;
			productReference = 88427B0E2AE93F0D003FD251 /* CustomTabBarWithTabView.app */;
			productType = "com.apple.product-type.application";
		};
/* End PBXNativeTarget section */

/* Begin PBXProject section */
		88427B062AE93F0D003FD251 /* Project object */ = {
			isa = PBXProject;
			attributes = {
				BuildIndependentTargetsInParallel = 1;
				LastSwiftUpdateCheck = 1500;
				LastUpgradeCheck = 1500;
				TargetAttributes = {
					88427B0D2AE93F0D003FD251 = {
						CreatedOnToolsVersion = 15.0.1;
					};
				};
			};
			buildConfigurationList = 88427B092AE93F0D003FD251 /* Build configuration list for PBXProject "CustomTabBarWithTabView" */;
			compatibilityVersion = "Xcode 14.0";
			developmentRegion = en;
			hasScannedForEncodings = 0;
			knownRegions = (
				en,
				Base,
			);
			mainGroup = 88427B052AE93F0D003FD251;
			productRefGroup = 88427B0F2AE93F0D003FD251 /* Products */;
			projectDirPath = "";
			projectRoot = "";
			targets = (
				88427B0D2AE93F0D003FD251 /* CustomTabBarWithTabView */,
			);
		};
/* End PBXProject section */

/* Begin PBXResourcesBuildPhase section */
		88427B0C2AE93F0D003FD251 /* Resources */ = {
			isa = PBXResourcesBuildPhase;
			buildActionMask = 2147483647;
			files = (
				88427B192AE93F12003FD251 /* Preview Assets.xcassets in Resources */,
				88427B162AE93F12003FD251 /* Assets.xcassets in Resources */,
			);
			runOnlyForDeploymentPostprocessing = 0;
		};
/* End PBXResourcesBuildPhase section */

/* Begin PBXSourcesBuildPhase section */
		88427B0A2AE93F0D003FD251 /* Sources */ = {
			isa = PBXSourcesBuildPhase;
			buildActionMask = 2147483647;
			files = (
				88427B252AE94BB7003FD251 /* Screen.swift in Sources */,
				88427B222AE9445F003FD251 /* ScreenTwo.swift in Sources */,
				88427B282AE975EE003FD251 /* TabRouter.swift in Sources */,
				88427B202AE94309003FD251 /* ScreenOne.swift in Sources */,
				88427B142AE93F0D003FD251 /* ContentView.swift in Sources */,
				88427B122AE93F0D003FD251 /* CustomTabBarWithTabViewApp.swift in Sources */,
			);
			runOnlyForDeploymentPostprocessing = 0;
		};
/* End PBXSourcesBuildPhase section */

/* Begin XCBuildConfiguration section */
		88427B1A2AE93F12003FD251 /* Debug */ = {
			isa = XCBuildConfiguration;
			buildSettings = {
				ALWAYS_SEARCH_USER_PATHS = NO;
				ASSETCATALOG_COMPILER_GENERATE_SWIFT_ASSET_SYMBOL_EXTENSIONS = YES;
				CLANG_ANALYZER_NONNULL = YES;
				CLANG_ANALYZER_NUMBER_OBJECT_CONVERSION = YES_AGGRESSIVE;
				CLANG_CXX_LANGUAGE_STANDARD = "gnu++20";
				CLANG_ENABLE_MODULES = YES;
				CLANG_ENABLE_OBJC_ARC = YES;
				CLANG_ENABLE_OBJC_WEAK = YES;
				CLANG_WARN_BLOCK_CAPTURE_AUTORELEASING = YES;
				CLANG_WARN_BOOL_CONVERSION = YES;
				CLANG_WARN_COMMA = YES;
				CLANG_WARN_CONSTANT_CONVERSION = YES;
				CLANG_WARN_DEPRECATED_OBJC_IMPLEMENTATIONS = YES;
				CLANG_WARN_DIRECT_OBJC_ISA_USAGE = YES_ERROR;
				CLANG_WARN_DOCUMENTATION_COMMENTS = YES;
				CLANG_WARN_EMPTY_BODY = YES;
				CLANG_WARN_ENUM_CONVERSION = YES;
				CLANG_WARN_INFINITE_RECURSION = YES;
				CLANG_WARN_INT_CONVERSION = YES;
				CLANG_WARN_NON_LITERAL_NULL_CONVERSION = YES;
				CLANG_WARN_OBJC_IMPLICIT_RETAIN_SELF = YES;
				CLANG_WARN_OBJC_LITERAL_CONVERSION = YES;
				CLANG_WARN_OBJC_ROOT_CLASS = YES_ERROR;
				CLANG_WARN_QUOTED_INCLUDE_IN_FRAMEWORK_HEADER = YES;
				CLANG_WARN_RANGE_LOOP_ANALYSIS = YES;
				CLANG_WARN_STRICT_PROTOTYPES = YES;
				CLANG_WARN_SUSPICIOUS_MOVE = YES;
				CLANG_WARN_UNGUARDED_AVAILABILITY = YES_AGGRESSIVE;
				CLANG_WARN_UNREACHABLE_CODE = YES;
				CLANG_WARN__DUPLICATE_METHOD_MATCH = YES;
				COPY_PHASE_STRIP = NO;
				DEBUG_INFORMATION_FORMAT = dwarf;
				ENABLE_STRICT_OBJC_MSGSEND = YES;
				ENABLE_TESTABILITY = YES;
				ENABLE_USER_SCRIPT_SANDBOXING = YES;
				GCC_C_LANGUAGE_STANDARD = gnu17;
				GCC_DYNAMIC_NO_PIC = NO;
				GCC_NO_COMMON_BLOCKS = YES;
				GCC_OPTIMIZATION_LEVEL = 0;
				GCC_PREPROCESSOR_DEFINITIONS = (
					"DEBUG=1",
					"$(inherited)",
				);
				GCC_WARN_64_TO_32_BIT_CONVERSION = YES;
				GCC_WARN_ABOUT_RETURN_TYPE = YES_ERROR;
				GCC_WARN_UNDECLARED_SELECTOR = YES;
				GCC_WARN_UNINITIALIZED_AUTOS = YES_AGGRESSIVE;
				GCC_WARN_UNUSED_FUNCTION = YES;
				GCC_WARN_UNUSED_VARIABLE = YES;
				IPHONEOS_DEPLOYMENT_TARGET = 17.0;
				LOCALIZATION_PREFERS_STRING_CATALOGS = YES;
				MTL_ENABLE_DEBUG_INFO = INCLUDE_SOURCE;
				MTL_FAST_MATH = YES;
				ONLY_ACTIVE_ARCH = YES;
				SDKROOT = iphoneos;
				SWIFT_ACTIVE_COMPILATION_CONDITIONS = "DEBUG $(inherited)";
				SWIFT_OPTIMIZATION_LEVEL = "-Onone";
			};
			name = Debug;
		};
		88427B1B2AE93F12003FD251 /* Release */ = {
			isa = XCBuildConfiguration;
			buildSettings = {
				ALWAYS_SEARCH_USER_PATHS = NO;
				ASSETCATALOG_COMPILER_GENERATE_SWIFT_ASSET_SYMBOL_EXTENSIONS = YES;
				CLANG_ANALYZER_NONNULL = YES;
				CLANG_ANALYZER_NUMBER_OBJECT_CONVERSION = YES_AGGRESSIVE;
				CLANG_CXX_LANGUAGE_STANDARD = "gnu++20";
				CLANG_ENABLE_MODULES = YES;
				CLANG_ENABLE_OBJC_ARC = YES;
				CLANG_ENABLE_OBJC_WEAK = YES;
				CLANG_WARN_BLOCK_CAPTURE_AUTORELEASING = YES;
				CLANG_WARN_BOOL_CONVERSION = YES;
				CLANG_WARN_COMMA = YES;
				CLANG_WARN_CONSTANT_CONVERSION = YES;
				CLANG_WARN_DEPRECATED_OBJC_IMPLEMENTATIONS = YES;
				CLANG_WARN_DIRECT_OBJC_ISA_USAGE = YES_ERROR;
				CLANG_WARN_DOCUMENTATION_COMMENTS = YES;
				CLANG_WARN_EMPTY_BODY = YES;
				CLANG_WARN_ENUM_CONVERSION = YES;
				CLANG_WARN_INFINITE_RECURSION = YES;
				CLANG_WARN_INT_CONVERSION = YES;
				CLANG_WARN_NON_LITERAL_NULL_CONVERSION = YES;
				CLANG_WARN_OBJC_IMPLICIT_RETAIN_SELF = YES;
				CLANG_WARN_OBJC_LITERAL_CONVERSION = YES;
				CLANG_WARN_OBJC_ROOT_CLASS = YES_ERROR;
				CLANG_WARN_QUOTED_INCLUDE_IN_FRAMEWORK_HEADER = YES;
				CLANG_WARN_RANGE_LOOP_ANALYSIS = YES;
				CLANG_WARN_STRICT_PROTOTYPES = YES;
				CLANG_WARN_SUSPICIOUS_MOVE = YES;
				CLANG_WARN_UNGUARDED_AVAILABILITY = YES_AGGRESSIVE;
				CLANG_WARN_UNREACHABLE_CODE = YES;
				CLANG_WARN__DUPLICATE_METHOD_MATCH = YES;
				COPY_PHASE_STRIP = NO;
				DEBUG_INFORMATION_FORMAT = "dwarf-with-dsym";
				ENABLE_NS_ASSERTIONS = NO;
				ENABLE_STRICT_OBJC_MSGSEND = YES;
				ENABLE_USER_SCRIPT_SANDBOXING = YES;
				GCC_C_LANGUAGE_STANDARD = gnu17;
				GCC_NO_COMMON_BLOCKS = YES;
				GCC_WARN_64_TO_32_BIT_CONVERSION = YES;
				GCC_WARN_ABOUT_RETURN_TYPE = YES_ERROR;
				GCC_WARN_UNDECLARED_SELECTOR = YES;
				GCC_WARN_UNINITIALIZED_AUTOS = YES_AGGRESSIVE;
				GCC_WARN_UNUSED_FUNCTION = YES;
				GCC_WARN_UNUSED_VARIABLE = YES;
				IPHONEOS_DEPLOYMENT_TARGET = 17.0;
				LOCALIZATION_PREFERS_STRING_CATALOGS = YES;
				MTL_ENABLE_DEBUG_INFO = NO;
				MTL_FAST_MATH = YES;
				SDKROOT = iphoneos;
				SWIFT_COMPILATION_MODE = wholemodule;
				VALIDATE_PRODUCT = YES;
			};
			name = Release;
		};
		88427B1D2AE93F12003FD251 /* Debug */ = {
			isa = XCBuildConfiguration;
			buildSettings = {
				ASSETCATALOG_COMPILER_APPICON_NAME = AppIcon;
				ASSETCATALOG_COMPILER_GLOBAL_ACCENT_COLOR_NAME = AccentColor;
				CODE_SIGN_STYLE = Automatic;
				CURRENT_PROJECT_VERSION = 1;
				DEVELOPMENT_ASSET_PATHS = "\"CustomTabBarWithTabView/Preview Content\"";
				DEVELOPMENT_TEAM = 2RB6Z32558;
				ENABLE_PREVIEWS = YES;
				GENERATE_INFOPLIST_FILE = YES;
				INFOPLIST_KEY_UIApplicationSceneManifest_Generation = YES;
				INFOPLIST_KEY_UIApplicationSupportsIndirectInputEvents = YES;
				INFOPLIST_KEY_UILaunchScreen_Generation = YES;
				INFOPLIST_KEY_UISupportedInterfaceOrientations_iPad = "UIInterfaceOrientationPortrait UIInterfaceOrientationPortraitUpsideDown UIInterfaceOrientationLandscapeLeft UIInterfaceOrientationLandscapeRight";
				INFOPLIST_KEY_UISupportedInterfaceOrientations_iPhone = "UIInterfaceOrientationPortrait UIInterfaceOrientationLandscapeLeft UIInterfaceOrientationLandscapeRight";
				LD_RUNPATH_SEARCH_PATHS = (
					"$(inherited)",
					"@executable_path/Frameworks",
				);
				MARKETING_VERSION = 1.0;
				PRODUCT_BUNDLE_IDENTIFIER = staki.com.br.CustomTabBarWithTabView;
				PRODUCT_NAME = "$(TARGET_NAME)";
				SWIFT_EMIT_LOC_STRINGS = YES;
				SWIFT_VERSION = 5.0;
				TARGETED_DEVICE_FAMILY = "1,2";
			};
			name = Debug;
		};
		88427B1E2AE93F12003FD251 /* Release */ = {
			isa = XCBuildConfiguration;
			buildSettings = {
				ASSETCATALOG_COMPILER_APPICON_NAME = AppIcon;
				ASSETCATALOG_COMPILER_GLOBAL_ACCENT_COLOR_NAME = AccentColor;
				CODE_SIGN_STYLE = Automatic;
				CURRENT_PROJECT_VERSION = 1;
				DEVELOPMENT_ASSET_PATHS = "\"CustomTabBarWithTabView/Preview Content\"";
				DEVELOPMENT_TEAM = 2RB6Z32558;
				ENABLE_PREVIEWS = YES;
				GENERATE_INFOPLIST_FILE = YES;
				INFOPLIST_KEY_UIApplicationSceneManifest_Generation = YES;
				INFOPLIST_KEY_UIApplicationSupportsIndirectInputEvents = YES;
				INFOPLIST_KEY_UILaunchScreen_Generation = YES;
				INFOPLIST_KEY_UISupportedInterfaceOrientations_iPad = "UIInterfaceOrientationPortrait UIInterfaceOrientationPortraitUpsideDown UIInterfaceOrientationLandscapeLeft UIInterfaceOrientationLandscapeRight";
				INFOPLIST_KEY_UISupportedInterfaceOrientations_iPhone = "UIInterfaceOrientationPortrait UIInterfaceOrientationLandscapeLeft UIInterfaceOrientationLandscapeRight";
				LD_RUNPATH_SEARCH_PATHS = (
					"$(inherited)",
					"@executable_path/Frameworks",
				);
				MARKETING_VERSION = 1.0;
				PRODUCT_BUNDLE_IDENTIFIER = staki.com.br.CustomTabBarWithTabView;
				PRODUCT_NAME = "$(TARGET_NAME)";
				SWIFT_EMIT_LOC_STRINGS = YES;
				SWIFT_VERSION = 5.0;
				TARGETED_DEVICE_FAMILY = "1,2";
			};
			name = Release;
		};
/* End XCBuildConfiguration section */

/* Begin XCConfigurationList section */
		88427B092AE93F0D003FD251 /* Build configuration list for PBXProject "CustomTabBarWithTabView" */ = {
			isa = XCConfigurationList;
			buildConfigurations = (
				88427B1A2AE93F12003FD251 /* Debug */,
				88427B1B2AE93F12003FD251 /* Release */,
			);
			defaultConfigurationIsVisible = 0;
			defaultConfigurationName = Release;
		};
		88427B1C2AE93F12003FD251 /* Build configuration list for PBXNativeTarget "CustomTabBarWithTabView" */ = {
			isa = XCConfigurationList;
			buildConfigurations = (
				88427B1D2AE93F12003FD251 /* Debug */,
				88427B1E2AE93F12003FD251 /* Release */,
			);
			defaultConfigurationIsVisible = 0;
			defaultConfigurationName = Release;
		};
/* End XCConfigurationList section */
	};
	rootObject = 88427B062AE93F0D003FD251 /* Project object */;
}
